
Microsoft Visual Studio Solution File, Format Version 12.00
# Visual Studio Version 16
VisualStudioVersion = 16.0.31410.357
MinimumVisualStudioVersion = 10.0.40219.1
Project("{FAE04EC0-301F-11D3-BF4B-00C04F79EFBC}") = "OcelotAPIGateway", "OcelotAPIGateway\OcelotAPIGateway.csproj", "{F4FE6C87-7D73-4987-909E-0E2758C2E367}"
EndProject
Global
	GlobalSection(SolutionConfigurationPlatforms) = preSolution
		Debug|Any CPU = Debug|Any CPU
		Release|Any CPU = Release|Any CPU
	EndGlobalSection
	GlobalSection(ProjectConfigurationPlatforms) = postSolution
		{F4FE6C87-7D73-4987-909E-0E2758C2E367}.Debug|Any CPU.ActiveCfg = Debug|Any CPU
		{F4FE6C87-7D73-4987-909E-0E2758C2E367}.Debug|Any CPU.Build.0 = Debug|Any CPU
		{F4FE6C87-7D73-4987-909E-0E2758C2E367}.Release|Any CPU.ActiveCfg = Release|Any CPU
		{F4FE6C87-7D73-4987-909E-0E2758C2E367}.Release|Any CPU.Build.0 = Release|Any CPU
	EndGlobalSection
	GlobalSection(SolutionProperties) = preSolution
		HideSolutionNode = FALSE
	EndGlobalSection
	GlobalSection(ExtensibilityGlobals) = postSolution
		SolutionGuid = {4A230DFF-ABDB-4271-8D9A-879365DA9BA5}
	EndGlobalSection
EndGlobal
